
Microsoft Visual Studio Solution File, Format Version 12.00
# Visual Studio Version 17
VisualStudioVersion = 17.14.36109.1 d17.14
MinimumVisualStudioVersion = 10.0.40219.1
Project("{FAE04EC0-301F-11D3-BF4B-00C04F79EFBC}") = "SashaPleshkan", "SashaPleshkan\SashaPleshkan.csproj", "{9A968D2D-0F0B-41EA-8925-116AEFA95464}"
EndProject
Global
	GlobalSection(SolutionConfigurationPlatforms) = preSolution
		Debug|Any CPU = Debug|Any CPU
		Release|Any CPU = Release|Any CPU
	EndGlobalSection
	GlobalSection(ProjectConfigurationPlatforms) = postSolution
		{9A968D2D-0F0B-41EA-8925-116AEFA95464}.Debug|Any CPU.ActiveCfg = Debug|Any CPU
		{9A968D2D-0F0B-41EA-8925-116AEFA95464}.Debug|Any CPU.Build.0 = Debug|Any CPU
		{9A968D2D-0F0B-41EA-8925-116AEFA95464}.Release|Any CPU.ActiveCfg = Release|Any CPU
		{9A968D2D-0F0B-41EA-8925-116AEFA95464}.Release|Any CPU.Build.0 = Release|Any CPU
	EndGlobalSection
	GlobalSection(SolutionProperties) = preSolution
		HideSolutionNode = FALSE
	EndGlobalSection
	GlobalSection(ExtensibilityGlobals) = postSolution
		SolutionGuid = {AA9A4532-80F6-4BA3-B3E9-FA5815900004}
	EndGlobalSection
EndGlobal
